
Microsoft Visual Studio Solution File, Format Version 12.00
# Visual Studio Version 16
VisualStudioVersion = 16.0.29123.88
MinimumVisualStudioVersion = 10.0.40219.1
Project("{9A19103F-16F7-4668-BE54-9A1E7A4F7556}") = "WebAppCore.DB", "WebAppCore.DB\WebAppCore.DB.csproj", "{061E7DF6-EEB0-4D33-8068-08D21129BD2D}"
EndProject
Project("{9A19103F-16F7-4668-BE54-9A1E7A4F7556}") = "WebAppCore.MvcUI", "WebAppCore.MvcUI\WebAppCore.MvcUI.csproj", "{23B0705B-2687-494D-99B8-1212ECE48BC9}"
EndProject
Global
	GlobalSection(SolutionConfigurationPlatforms) = preSolution
		Debug|Any CPU = Debug|Any CPU
		Release|Any CPU = Release|Any CPU
	EndGlobalSection
	GlobalSection(ProjectConfigurationPlatforms) = postSolution
		{061E7DF6-EEB0-4D33-8068-08D21129BD2D}.Debug|Any CPU.ActiveCfg = Debug|Any CPU
		{061E7DF6-EEB0-4D33-8068-08D21129BD2D}.Debug|Any CPU.Build.0 = Debug|Any CPU
		{061E7DF6-EEB0-4D33-8068-08D21129BD2D}.Release|Any CPU.ActiveCfg = Release|Any CPU
		{061E7DF6-EEB0-4D33-8068-08D21129BD2D}.Release|Any CPU.Build.0 = Release|Any CPU
		{23B0705B-2687-494D-99B8-1212ECE48BC9}.Debug|Any CPU.ActiveCfg = Debug|Any CPU
		{23B0705B-2687-494D-99B8-1212ECE48BC9}.Debug|Any CPU.Build.0 = Debug|Any CPU
		{23B0705B-2687-494D-99B8-1212ECE48BC9}.Release|Any CPU.ActiveCfg = Release|Any CPU
		{23B0705B-2687-494D-99B8-1212ECE48BC9}.Release|Any CPU.Build.0 = Release|Any CPU
	EndGlobalSection
	GlobalSection(SolutionProperties) = preSolution
		HideSolutionNode = FALSE
	EndGlobalSection
	GlobalSection(ExtensibilityGlobals) = postSolution
		SolutionGuid = {01A1038D-0681-4161-B3FE-9CAC91158805}
	EndGlobalSection
EndGlobal
